
Microsoft Visual Studio Solution File, Format Version 11.00
# Visual Studio 2010
Project("{FAE04EC0-301F-11D3-BF4B-00C04F79EFBC}") = "GapBuffer", "GapBuffer\GapBuffer.csproj", "{F507E75A-7E7B-4299-A16D-1327959708E8}"
EndProject
Project("{F2A71F9B-5D33-465A-A702-920D77279786}") = "FsharpConsoleApplication", "FsharpConsoleApplication\FsharpConsoleApplication.fsproj", "{6870EBAC-879D-45AB-A75E-C1C924953C06}"
EndProject
Global
	GlobalSection(SolutionConfigurationPlatforms) = preSolution
		Debug|Any CPU = Debug|Any CPU
		Debug|Mixed Platforms = Debug|Mixed Platforms
		Debug|x86 = Debug|x86
		Release|Any CPU = Release|Any CPU
		Release|Mixed Platforms = Release|Mixed Platforms
		Release|x86 = Release|x86
	EndGlobalSection
	GlobalSection(ProjectConfigurationPlatforms) = postSolution
		{F507E75A-7E7B-4299-A16D-1327959708E8}.Debug|Any CPU.ActiveCfg = Debug|Any CPU
		{F507E75A-7E7B-4299-A16D-1327959708E8}.Debug|Any CPU.Build.0 = Debug|Any CPU
		{F507E75A-7E7B-4299-A16D-1327959708E8}.Debug|Mixed Platforms.ActiveCfg = Debug|Any CPU
		{F507E75A-7E7B-4299-A16D-1327959708E8}.Debug|Mixed Platforms.Build.0 = Debug|Any CPU
		{F507E75A-7E7B-4299-A16D-1327959708E8}.Debug|x86.ActiveCfg = Debug|Any CPU
		{F507E75A-7E7B-4299-A16D-1327959708E8}.Release|Any CPU.ActiveCfg = Release|Any CPU
		{F507E75A-7E7B-4299-A16D-1327959708E8}.Release|Any CPU.Build.0 = Release|Any CPU
		{F507E75A-7E7B-4299-A16D-1327959708E8}.Release|Mixed Platforms.ActiveCfg = Release|Any CPU
		{F507E75A-7E7B-4299-A16D-1327959708E8}.Release|Mixed Platforms.Build.0 = Release|Any CPU
		{F507E75A-7E7B-4299-A16D-1327959708E8}.Release|x86.ActiveCfg = Release|Any CPU
		{6870EBAC-879D-45AB-A75E-C1C924953C06}.Debug|Any CPU.ActiveCfg = Debug|x86
		{6870EBAC-879D-45AB-A75E-C1C924953C06}.Debug|Mixed Platforms.ActiveCfg = Debug|x86
		{6870EBAC-879D-45AB-A75E-C1C924953C06}.Debug|Mixed Platforms.Build.0 = Debug|x86
		{6870EBAC-879D-45AB-A75E-C1C924953C06}.Debug|x86.ActiveCfg = Debug|x86
		{6870EBAC-879D-45AB-A75E-C1C924953C06}.Debug|x86.Build.0 = Debug|x86
		{6870EBAC-879D-45AB-A75E-C1C924953C06}.Release|Any CPU.ActiveCfg = Release|x86
		{6870EBAC-879D-45AB-A75E-C1C924953C06}.Release|Mixed Platforms.ActiveCfg = Release|x86
		{6870EBAC-879D-45AB-A75E-C1C924953C06}.Release|Mixed Platforms.Build.0 = Release|x86
		{6870EBAC-879D-45AB-A75E-C1C924953C06}.Release|x86.ActiveCfg = Release|x86
		{6870EBAC-879D-45AB-A75E-C1C924953C06}.Release|x86.Build.0 = Release|x86
	EndGlobalSection
	GlobalSection(SolutionProperties) = preSolution
		HideSolutionNode = FALSE
	EndGlobalSection
EndGlobal
